
Microsoft Visual Studio Solution File, Format Version 12.00
# Visual Studio 15
VisualStudioVersion = 15.0.26923.0
MinimumVisualStudioVersion = 10.0.40219.1
Project("{9A19103F-16F7-4668-BE54-9A1E7A4F7556}") = "LamedalCore", "..\LamedalCore\src\LamedalCore.csproj", "{421FEB9F-B016-45BD-98BE-9B4889F39057}"
EndProject
Project("{FAE04EC0-301F-11D3-BF4B-00C04F79EFBC}") = "LamedalCore.Test", "..\LamedalCore\tests\LamedalCore.Test.csproj", "{66311AA8-6427-4B6A-840A-0E8C6D0A2B05}"
EndProject
Project("{9A19103F-16F7-4668-BE54-9A1E7A4F7556}") = "Lamedal_UIWinForms", "src\Lamedal_UIWinForms.csproj", "{6EE128E4-96F6-40D4-85C0-235C30EC461C}"
EndProject
Project("{FAE04EC0-301F-11D3-BF4B-00C04F79EFBC}") = "Lamedal_UIWinForms.Test", "tests\Lamedal_UIWinForms.Test.csproj", "{C5B02C31-0A43-4CBF-BA58-7C6CF0CE9A3E}"
EndProject
Project("{FAE04EC0-301F-11D3-BF4B-00C04F79EFBC}") = "DuctingGrids", "..\ThreeLevelGrids\WinForms\DuctingGrids.csproj", "{B4D5D9FB-6C23-4D53-ABFC-BA1DF97390FB}"
EndProject
Project("{FAE04EC0-301F-11D3-BF4B-00C04F79EFBC}") = "Lamedal_Badge", "..\Lamedal_Badge\src\Lamedal_Badge.csproj", "{D37E3923-B7D7-4622-9AF2-F03487BD1E84}"
EndProject
Project("{2150E333-8FDC-42A3-9474-1A3956D46DE8}") = "LamdalCore", "LamdalCore", "{7DAA45E9-6F18-4B69-8614-0883E3E97F45}"
EndProject
Project("{2150E333-8FDC-42A3-9474-1A3956D46DE8}") = "Lamedal_WinForms", "Lamedal_WinForms", "{89E0DF86-D8D9-465F-A2A1-83C318D9CCF1}"
EndProject
Project("{FAE04EC0-301F-11D3-BF4B-00C04F79EFBC}") = "DuctingGridsTest", "..\ThreeLevelGrids\Test\DuctingGridsTest\DuctingGridsTest.csproj", "{B9C1825C-6042-45E0-A274-EA963993EAB9}"
EndProject
Project("{9A19103F-16F7-4668-BE54-9A1E7A4F7556}") = "LamedalCore_Templates", "..\LamedalCore_Templates\src\LamedalCore_Templates.csproj", "{B2310E9D-9F48-4353-81C7-BD6266C3FDBC}"
EndProject
Project("{FAE04EC0-301F-11D3-BF4B-00C04F79EFBC}") = "LamedalCore_Templates.Test", "..\LamedalCore_Templates\tests\LamedalCore_Templates.Test.csproj", "{D1B9A0A7-F423-451E-9DBE-1772D36DC3B9}"
EndProject
Project("{FAE04EC0-301F-11D3-BF4B-00C04F79EFBC}") = "Lamedal_WinFormsControls", "Lamedal_WinFormsControls\Lamedal_WinFormsControls.csproj", "{66CDB5E4-B2B7-49DA-A64D-AE6DF2A3E3C0}"
EndProject
Project("{2150E333-8FDC-42A3-9474-1A3956D46DE8}") = "Other", "Other", "{A9EA418C-78E0-42C3-9374-542152C8E58C}"
EndProject
Project("{FAE04EC0-301F-11D3-BF4B-00C04F79EFBC}") = "Blueprint", "E:\Dev\Blueprint_Lib\trunk\99 Blueprint\Blueprint_NT\Blueprint\Blueprint.csproj", "{5C5A90DD-6E69-4A3F-910F-4FEB8952C201}"
EndProject
Project("{FAE04EC0-301F-11D3-BF4B-00C04F79EFBC}") = "datacentrePerformance", "..\datacentrePerformance\src\datacentrePerformance\datacentrePerformance.csproj", "{BF9BFE7E-FA7D-4FF9-BDA0-CEEFC344B39E}"
EndProject
Project("{FAE04EC0-301F-11D3-BF4B-00C04F79EFBC}") = "datacentrePerformance.Test", "..\datacentrePerformance\tests\datacentrePerformance.Test.csproj", "{0E838B00-E65F-4A74-A9AA-F01B945D5821}"
EndProject
Global
	GlobalSection(SolutionConfigurationPlatforms) = preSolution
		Debug|Any CPU = Debug|Any CPU
		Debug|x64 = Debug|x64
		Debug|x86 = Debug|x86
		Release|Any CPU = Release|Any CPU
		Release|x64 = Release|x64
		Release|x86 = Release|x86
	EndGlobalSection
	GlobalSection(ProjectConfigurationPlatforms) = postSolution
		{421FEB9F-B016-45BD-98BE-9B4889F39057}.Debug|Any CPU.ActiveCfg = Debug|Any CPU
		{421FEB9F-B016-45BD-98BE-9B4889F39057}.Debug|Any CPU.Build.0 = Debug|Any CPU
		{421FEB9F-B016-45BD-98BE-9B4889F39057}.Debug|x64.ActiveCfg = Debug|Any CPU
		{421FEB9F-B016-45BD-98BE-9B4889F39057}.Debug|x64.Build.0 = Debug|Any CPU
		{421FEB9F-B016-45BD-98BE-9B4889F39057}.Debug|x86.ActiveCfg = Debug|Any CPU
		{421FEB9F-B016-45BD-98BE-9B4889F39057}.Debug|x86.Build.0 = Debug|Any CPU
		{421FEB9F-B016-45BD-98BE-9B4889F39057}.Release|Any CPU.ActiveCfg = Release|Any CPU
		{421FEB9F-B016-45BD-98BE-9B4889F39057}.Release|Any CPU.Build.0 = Release|Any CPU
		{421FEB9F-B016-45BD-98BE-9B4889F39057}.Release|x64.ActiveCfg = Release|Any CPU
		{421FEB9F-B016-45BD-98BE-9B4889F39057}.Release|x64.Build.0 = Release|Any CPU
		{421FEB9F-B016-45BD-98BE-9B4889F39057}.Release|x86.ActiveCfg = Release|Any CPU
		{421FEB9F-B016-45BD-98BE-9B4889F39057}.Release|x86.Build.0 = Release|Any CPU
		{66311AA8-6427-4B6A-840A-0E8C6D0A2B05}.Debug|Any CPU.ActiveCfg = Debug|Any CPU
		{66311AA8-6427-4B6A-840A-0E8C6D0A2B05}.Debug|Any CPU.Build.0 = Debug|Any CPU
		{66311AA8-6427-4B6A-840A-0E8C6D0A2B05}.Debug|x64.ActiveCfg = Debug|Any CPU
		{66311AA8-6427-4B6A-840A-0E8C6D0A2B05}.Debug|x64.Build.0 = Debug|Any CPU
		{66311AA8-6427-4B6A-840A-0E8C6D0A2B05}.Debug|x86.ActiveCfg = Debug|Any CPU
		{66311AA8-6427-4B6A-840A-0E8C6D0A2B05}.Debug|x86.Build.0 = Debug|Any CPU
		{66311AA8-6427-4B6A-840A-0E8C6D0A2B05}.Release|Any CPU.ActiveCfg = Release|Any CPU
		{66311AA8-6427-4B6A-840A-0E8C6D0A2B05}.Release|Any CPU.Build.0 = Release|Any CPU
		{66311AA8-6427-4B6A-840A-0E8C6D0A2B05}.Release|x64.ActiveCfg = Release|Any CPU
		{66311AA8-6427-4B6A-840A-0E8C6D0A2B05}.Release|x64.Build.0 = Release|Any CPU
		{66311AA8-6427-4B6A-840A-0E8C6D0A2B05}.Release|x86.ActiveCfg = Release|Any CPU
		{66311AA8-6427-4B6A-840A-0E8C6D0A2B05}.Release|x86.Build.0 = Release|Any CPU
		{6EE128E4-96F6-40D4-85C0-235C30EC461C}.Debug|Any CPU.ActiveCfg = Debug|Any CPU
		{6EE128E4-96F6-40D4-85C0-235C30EC461C}.Debug|Any CPU.Build.0 = Debug|Any CPU
		{6EE128E4-96F6-40D4-85C0-235C30EC461C}.Debug|x64.ActiveCfg = Debug|Any CPU
		{6EE128E4-96F6-40D4-85C0-235C30EC461C}.Debug|x64.Build.0 = Debug|Any CPU
		{6EE128E4-96F6-40D4-85C0-235C30EC461C}.Debug|x86.ActiveCfg = Debug|Any CPU
		{6EE128E4-96F6-40D4-85C0-235C30EC461C}.Debug|x86.Build.0 = Debug|Any CPU
		{6EE128E4-96F6-40D4-85C0-235C30EC461C}.Release|Any CPU.ActiveCfg = Release|Any CPU
		{6EE128E4-96F6-40D4-85C0-235C30EC461C}.Release|Any CPU.Build.0 = Release|Any CPU
		{6EE128E4-96F6-40D4-85C0-235C30EC461C}.Release|x64.ActiveCfg = Release|Any CPU
		{6EE128E4-96F6-40D4-85C0-235C30EC461C}.Release|x64.Build.0 = Release|Any CPU
		{6EE128E4-96F6-40D4-85C0-235C30EC461C}.Release|x86.ActiveCfg = Release|Any CPU
		{6EE128E4-96F6-40D4-85C0-235C30EC461C}.Release|x86.Build.0 = Release|Any CPU
		{C5B02C31-0A43-4CBF-BA58-7C6CF0CE9A3E}.Debug|Any CPU.ActiveCfg = Debug|Any CPU
		{C5B02C31-0A43-4CBF-BA58-7C6CF0CE9A3E}.Debug|Any CPU.Build.0 = Debug|Any CPU
		{C5B02C31-0A43-4CBF-BA58-7C6CF0CE9A3E}.Debug|x64.ActiveCfg = Debug|Any CPU
		{C5B02C31-0A43-4CBF-BA58-7C6CF0CE9A3E}.Debug|x64.Build.0 = Debug|Any CPU
		{C5B02C31-0A43-4CBF-BA58-7C6CF0CE9A3E}.Debug|x86.ActiveCfg = Debug|Any CPU
		{C5B02C31-0A43-4CBF-BA58-7C6CF0CE9A3E}.Debug|x86.Build.0 = Debug|Any CPU
		{C5B02C31-0A43-4CBF-BA58-7C6CF0CE9A3E}.Release|Any CPU.ActiveCfg = Release|Any CPU
		{C5B02C31-0A43-4CBF-BA58-7C6CF0CE9A3E}.Release|Any CPU.Build.0 = Release|Any CPU
		{C5B02C31-0A43-4CBF-BA58-7C6CF0CE9A3E}.Release|x64.ActiveCfg = Release|Any CPU
		{C5B02C31-0A43-4CBF-BA58-7C6CF0CE9A3E}.Release|x64.Build.0 = Release|Any CPU
		{C5B02C31-0A43-4CBF-BA58-7C6CF0CE9A3E}.Release|x86.ActiveCfg = Release|Any CPU
		{C5B02C31-0A43-4CBF-BA58-7C6CF0CE9A3E}.Release|x86.Build.0 = Release|Any CPU
		{B4D5D9FB-6C23-4D53-ABFC-BA1DF97390FB}.Debug|Any CPU.ActiveCfg = Debug|Any CPU
		{B4D5D9FB-6C23-4D53-ABFC-BA1DF97390FB}.Debug|Any CPU.Build.0 = Debug|Any CPU
		{B4D5D9FB-6C23-4D53-ABFC-BA1DF97390FB}.Debug|x64.ActiveCfg = Debug|Any CPU
		{B4D5D9FB-6C23-4D53-ABFC-BA1DF97390FB}.Debug|x64.Build.0 = Debug|Any CPU
		{B4D5D9FB-6C23-4D53-ABFC-BA1DF97390FB}.Debug|x86.ActiveCfg = Debug|Any CPU
		{B4D5D9FB-6C23-4D53-ABFC-BA1DF97390FB}.Debug|x86.Build.0 = Debug|Any CPU
		{B4D5D9FB-6C23-4D53-ABFC-BA1DF97390FB}.Release|Any CPU.ActiveCfg = Release|Any CPU
		{B4D5D9FB-6C23-4D53-ABFC-BA1DF97390FB}.Release|Any CPU.Build.0 = Release|Any CPU
		{B4D5D9FB-6C23-4D53-ABFC-BA1DF97390FB}.Release|x64.ActiveCfg = Release|Any CPU
		{B4D5D9FB-6C23-4D53-ABFC-BA1DF97390FB}.Release|x64.Build.0 = Release|Any CPU
		{B4D5D9FB-6C23-4D53-ABFC-BA1DF97390FB}.Release|x86.ActiveCfg = Release|Any CPU
		{B4D5D9FB-6C23-4D53-ABFC-BA1DF97390FB}.Release|x86.Build.0 = Release|Any CPU
		{D37E3923-B7D7-4622-9AF2-F03487BD1E84}.Debug|Any CPU.ActiveCfg = Debug|Any CPU
		{D37E3923-B7D7-4622-9AF2-F03487BD1E84}.Debug|Any CPU.Build.0 = Debug|Any CPU
		{D37E3923-B7D7-4622-9AF2-F03487BD1E84}.Debug|x64.ActiveCfg = Debug|Any CPU
		{D37E3923-B7D7-4622-9AF2-F03487BD1E84}.Debug|x64.Build.0 = Debug|Any CPU
		{D37E3923-B7D7-4622-9AF2-F03487BD1E84}.Debug|x86.ActiveCfg = Debug|Any CPU
		{D37E3923-B7D7-4622-9AF2-F03487BD1E84}.Debug|x86.Build.0 = Debug|Any CPU
		{D37E3923-B7D7-4622-9AF2-F03487BD1E84}.Release|Any CPU.ActiveCfg = Release|Any CPU
		{D37E3923-B7D7-4622-9AF2-F03487BD1E84}.Release|Any CPU.Build.0 = Release|Any CPU
		{D37E3923-B7D7-4622-9AF2-F03487BD1E84}.Release|x64.ActiveCfg = Release|Any CPU
		{D37E3923-B7D7-4622-9AF2-F03487BD1E84}.Release|x64.Build.0 = Release|Any CPU
		{D37E3923-B7D7-4622-9AF2-F03487BD1E84}.Release|x86.ActiveCfg = Release|Any CPU
		{D37E3923-B7D7-4622-9AF2-F03487BD1E84}.Release|x86.Build.0 = Release|Any CPU
		{B9C1825C-6042-45E0-A274-EA963993EAB9}.Debug|Any CPU.ActiveCfg = Debug|Any CPU
		{B9C1825C-6042-45E0-A274-EA963993EAB9}.Debug|Any CPU.Build.0 = Debug|Any CPU
		{B9C1825C-6042-45E0-A274-EA963993EAB9}.Debug|x64.ActiveCfg = Debug|Any CPU
		{B9C1825C-6042-45E0-A274-EA963993EAB9}.Debug|x64.Build.0 = Debug|Any CPU
		{B9C1825C-6042-45E0-A274-EA963993EAB9}.Debug|x86.ActiveCfg = Debug|Any CPU
		{B9C1825C-6042-45E0-A274-EA963993EAB9}.Debug|x86.Build.0 = Debug|Any CPU
		{B9C1825C-6042-45E0-A274-EA963993EAB9}.Release|Any CPU.ActiveCfg = Release|Any CPU
		{B9C1825C-6042-45E0-A274-EA963993EAB9}.Release|Any CPU.Build.0 = Release|Any CPU
		{B9C1825C-6042-45E0-A274-EA963993EAB9}.Release|x64.ActiveCfg = Release|Any CPU
		{B9C1825C-6042-45E0-A274-EA963993EAB9}.Release|x64.Build.0 = Release|Any CPU
		{B9C1825C-6042-45E0-A274-EA963993EAB9}.Release|x86.ActiveCfg = Release|Any CPU
		{B9C1825C-6042-45E0-A274-EA963993EAB9}.Release|x86.Build.0 = Release|Any CPU
		{B2310E9D-9F48-4353-81C7-BD6266C3FDBC}.Debug|Any CPU.ActiveCfg = Debug|Any CPU
		{B2310E9D-9F48-4353-81C7-BD6266C3FDBC}.Debug|Any CPU.Build.0 = Debug|Any CPU
		{B2310E9D-9F48-4353-81C7-BD6266C3FDBC}.Debug|x64.ActiveCfg = Debug|Any CPU
		{B2310E9D-9F48-4353-81C7-BD6266C3FDBC}.Debug|x64.Build.0 = Debug|Any CPU
		{B2310E9D-9F48-4353-81C7-BD6266C3FDBC}.Debug|x86.ActiveCfg = Debug|Any CPU
		{B2310E9D-9F48-4353-81C7-BD6266C3FDBC}.Debug|x86.Build.0 = Debug|Any CPU
		{B2310E9D-9F48-4353-81C7-BD6266C3FDBC}.Release|Any CPU.ActiveCfg = Release|Any CPU
		{B2310E9D-9F48-4353-81C7-BD6266C3FDBC}.Release|Any CPU.Build.0 = Release|Any CPU
		{B2310E9D-9F48-4353-81C7-BD6266C3FDBC}.Release|x64.ActiveCfg = Release|Any CPU
		{B2310E9D-9F48-4353-81C7-BD6266C3FDBC}.Release|x64.Build.0 = Release|Any CPU
		{B2310E9D-9F48-4353-81C7-BD6266C3FDBC}.Release|x86.ActiveCfg = Release|Any CPU
		{B2310E9D-9F48-4353-81C7-BD6266C3FDBC}.Release|x86.Build.0 = Release|Any CPU
		{D1B9A0A7-F423-451E-9DBE-1772D36DC3B9}.Debug|Any CPU.ActiveCfg = Debug|Any CPU
		{D1B9A0A7-F423-451E-9DBE-1772D36DC3B9}.Debug|Any CPU.Build.0 = Debug|Any CPU
		{D1B9A0A7-F423-451E-9DBE-1772D36DC3B9}.Debug|x64.ActiveCfg = Debug|Any CPU
		{D1B9A0A7-F423-451E-9DBE-1772D36DC3B9}.Debug|x64.Build.0 = Debug|Any CPU
		{D1B9A0A7-F423-451E-9DBE-1772D36DC3B9}.Debug|x86.ActiveCfg = Debug|Any CPU
		{D1B9A0A7-F423-451E-9DBE-1772D36DC3B9}.Debug|x86.Build.0 = Debug|Any CPU
		{D1B9A0A7-F423-451E-9DBE-1772D36DC3B9}.Release|Any CPU.ActiveCfg = Release|Any CPU
		{D1B9A0A7-F423-451E-9DBE-1772D36DC3B9}.Release|Any CPU.Build.0 = Release|Any CPU
		{D1B9A0A7-F423-451E-9DBE-1772D36DC3B9}.Release|x64.ActiveCfg = Release|Any CPU
		{D1B9A0A7-F423-451E-9DBE-1772D36DC3B9}.Release|x64.Build.0 = Release|Any CPU
		{D1B9A0A7-F423-451E-9DBE-1772D36DC3B9}.Release|x86.ActiveCfg = Release|Any CPU
		{D1B9A0A7-F423-451E-9DBE-1772D36DC3B9}.Release|x86.Build.0 = Release|Any CPU
		{66CDB5E4-B2B7-49DA-A64D-AE6DF2A3E3C0}.Debug|Any CPU.ActiveCfg = Debug|Any CPU
		{66CDB5E4-B2B7-49DA-A64D-AE6DF2A3E3C0}.Debug|Any CPU.Build.0 = Debug|Any CPU
		{66CDB5E4-B2B7-49DA-A64D-AE6DF2A3E3C0}.Debug|x64.ActiveCfg = Debug|Any CPU
		{66CDB5E4-B2B7-49DA-A64D-AE6DF2A3E3C0}.Debug|x64.Build.0 = Debug|Any CPU
		{66CDB5E4-B2B7-49DA-A64D-AE6DF2A3E3C0}.Debug|x86.ActiveCfg = Debug|Any CPU
		{66CDB5E4-B2B7-49DA-A64D-AE6DF2A3E3C0}.Debug|x86.Build.0 = Debug|Any CPU
		{66CDB5E4-B2B7-49DA-A64D-AE6DF2A3E3C0}.Release|Any CPU.ActiveCfg = Release|Any CPU
		{66CDB5E4-B2B7-49DA-A64D-AE6DF2A3E3C0}.Release|Any CPU.Build.0 = Release|Any CPU
		{66CDB5E4-B2B7-49DA-A64D-AE6DF2A3E3C0}.Release|x64.ActiveCfg = Release|Any CPU
		{66CDB5E4-B2B7-49DA-A64D-AE6DF2A3E3C0}.Release|x64.Build.0 = Release|Any CPU
		{66CDB5E4-B2B7-49DA-A64D-AE6DF2A3E3C0}.Release|x86.ActiveCfg = Release|Any CPU
		{66CDB5E4-B2B7-49DA-A64D-AE6DF2A3E3C0}.Release|x86.Build.0 = Release|Any CPU
		{5C5A90DD-6E69-4A3F-910F-4FEB8952C201}.Debug|Any CPU.ActiveCfg = Debug|Any CPU
		{5C5A90DD-6E69-4A3F-910F-4FEB8952C201}.Debug|Any CPU.Build.0 = Debug|Any CPU
		{5C5A90DD-6E69-4A3F-910F-4FEB8952C201}.Debug|x64.ActiveCfg = Debug|x64
		{5C5A90DD-6E69-4A3F-910F-4FEB8952C201}.Debug|x64.Build.0 = Debug|x64
		{5C5A90DD-6E69-4A3F-910F-4FEB8952C201}.Debug|x86.ActiveCfg = Debug|x86
		{5C5A90DD-6E69-4A3F-910F-4FEB8952C201}.Debug|x86.Build.0 = Debug|x86
		{5C5A90DD-6E69-4A3F-910F-4FEB8952C201}.Release|Any CPU.ActiveCfg = Release|Any CPU
		{5C5A90DD-6E69-4A3F-910F-4FEB8952C201}.Release|Any CPU.Build.0 = Release|Any CPU
		{5C5A90DD-6E69-4A3F-910F-4FEB8952C201}.Release|x64.ActiveCfg = Release|x64
		{5C5A90DD-6E69-4A3F-910F-4FEB8952C201}.Release|x64.Build.0 = Release|x64
		{5C5A90DD-6E69-4A3F-910F-4FEB8952C201}.Release|x86.ActiveCfg = Release|x86
		{5C5A90DD-6E69-4A3F-910F-4FEB8952C201}.Release|x86.Build.0 = Release|x86
		{BF9BFE7E-FA7D-4FF9-BDA0-CEEFC344B39E}.Debug|Any CPU.ActiveCfg = Debug|Any CPU
		{BF9BFE7E-FA7D-4FF9-BDA0-CEEFC344B39E}.Debug|Any CPU.Build.0 = Debug|Any CPU
		{BF9BFE7E-FA7D-4FF9-BDA0-CEEFC344B39E}.Debug|x64.ActiveCfg = Debug|Any CPU
		{BF9BFE7E-FA7D-4FF9-BDA0-CEEFC344B39E}.Debug|x64.Build.0 = Debug|Any CPU
		{BF9BFE7E-FA7D-4FF9-BDA0-CEEFC344B39E}.Debug|x86.ActiveCfg = Debug|Any CPU
		{BF9BFE7E-FA7D-4FF9-BDA0-CEEFC344B39E}.Debug|x86.Build.0 = Debug|Any CPU
		{BF9BFE7E-FA7D-4FF9-BDA0-CEEFC344B39E}.Release|Any CPU.ActiveCfg = Release|Any CPU
		{BF9BFE7E-FA7D-4FF9-BDA0-CEEFC344B39E}.Release|Any CPU.Build.0 = Release|Any CPU
		{BF9BFE7E-FA7D-4FF9-BDA0-CEEFC344B39E}.Release|x64.ActiveCfg = Release|Any CPU
		{BF9BFE7E-FA7D-4FF9-BDA0-CEEFC344B39E}.Release|x64.Build.0 = Release|Any CPU
		{BF9BFE7E-FA7D-4FF9-BDA0-CEEFC344B39E}.Release|x86.ActiveCfg = Release|Any CPU
		{BF9BFE7E-FA7D-4FF9-BDA0-CEEFC344B39E}.Release|x86.Build.0 = Release|Any CPU
		{0E838B00-E65F-4A74-A9AA-F01B945D5821}.Debug|Any CPU.ActiveCfg = Debug|Any CPU
		{0E838B00-E65F-4A74-A9AA-F01B945D5821}.Debug|Any CPU.Build.0 = Debug|Any CPU
		{0E838B00-E65F-4A74-A9AA-F01B945D5821}.Debug|x64.ActiveCfg = Debug|Any CPU
		{0E838B00-E65F-4A74-A9AA-F01B945D5821}.Debug|x64.Build.0 = Debug|Any CPU
		{0E838B00-E65F-4A74-A9AA-F01B945D5821}.Debug|x86.ActiveCfg = Debug|Any CPU
		{0E838B00-E65F-4A74-A9AA-F01B945D5821}.Debug|x86.Build.0 = Debug|Any CPU
		{0E838B00-E65F-4A74-A9AA-F01B945D5821}.Release|Any CPU.ActiveCfg = Release|Any CPU
		{0E838B00-E65F-4A74-A9AA-F01B945D5821}.Release|Any CPU.Build.0 = Release|Any CPU
		{0E838B00-E65F-4A74-A9AA-F01B945D5821}.Release|x64.ActiveCfg = Release|Any CPU
		{0E838B00-E65F-4A74-A9AA-F01B945D5821}.Release|x64.Build.0 = Release|Any CPU
		{0E838B00-E65F-4A74-A9AA-F01B945D5821}.Release|x86.ActiveCfg = Release|Any CPU
		{0E838B00-E65F-4A74-A9AA-F01B945D5821}.Release|x86.Build.0 = Release|Any CPU
	EndGlobalSection
	GlobalSection(SolutionProperties) = preSolution
		HideSolutionNode = FALSE
	EndGlobalSection
	GlobalSection(NestedProjects) = preSolution
		{421FEB9F-B016-45BD-98BE-9B4889F39057} = {7DAA45E9-6F18-4B69-8614-0883E3E97F45}
		{66311AA8-6427-4B6A-840A-0E8C6D0A2B05} = {7DAA45E9-6F18-4B69-8614-0883E3E97F45}
		{6EE128E4-96F6-40D4-85C0-235C30EC461C} = {89E0DF86-D8D9-465F-A2A1-83C318D9CCF1}
		{C5B02C31-0A43-4CBF-BA58-7C6CF0CE9A3E} = {89E0DF86-D8D9-465F-A2A1-83C318D9CCF1}
		{B4D5D9FB-6C23-4D53-ABFC-BA1DF97390FB} = {89E0DF86-D8D9-465F-A2A1-83C318D9CCF1}
		{D37E3923-B7D7-4622-9AF2-F03487BD1E84} = {89E0DF86-D8D9-465F-A2A1-83C318D9CCF1}
		{B9C1825C-6042-45E0-A274-EA963993EAB9} = {89E0DF86-D8D9-465F-A2A1-83C318D9CCF1}
		{B2310E9D-9F48-4353-81C7-BD6266C3FDBC} = {7DAA45E9-6F18-4B69-8614-0883E3E97F45}
		{D1B9A0A7-F423-451E-9DBE-1772D36DC3B9} = {7DAA45E9-6F18-4B69-8614-0883E3E97F45}
		{66CDB5E4-B2B7-49DA-A64D-AE6DF2A3E3C0} = {89E0DF86-D8D9-465F-A2A1-83C318D9CCF1}
		{5C5A90DD-6E69-4A3F-910F-4FEB8952C201} = {A9EA418C-78E0-42C3-9374-542152C8E58C}
		{BF9BFE7E-FA7D-4FF9-BDA0-CEEFC344B39E} = {A9EA418C-78E0-42C3-9374-542152C8E58C}
		{0E838B00-E65F-4A74-A9AA-F01B945D5821} = {A9EA418C-78E0-42C3-9374-542152C8E58C}
	EndGlobalSection
	GlobalSection(ExtensibilityGlobals) = postSolution
		SolutionGuid = {2F9AB9CC-1A63-4C05-A1BB-69035D3FC50B}
	EndGlobalSection
EndGlobal
